
Microsoft Visual Studio Solution File, Format Version 12.00
# Visual Studio Version 17
VisualStudioVersion = 17.14.36127.28 d17.14
MinimumVisualStudioVersion = 10.0.40219.1
Project("{FAE04EC0-301F-11D3-BF4B-00C04F79EFBC}") = "Assembler", "Assembler\Assembler.csproj", "{99FDCE4B-ABD6-43AE-AD63-8DAE506ED9F6}"
EndProject
Project("{FAE04EC0-301F-11D3-BF4B-00C04F79EFBC}") = "Disassembler", "Disassembler\Disassembler.csproj", "{C11971A8-FFAB-4FEC-B320-275729948A18}"
EndProject
Project("{FAE04EC0-301F-11D3-BF4B-00C04F79EFBC}") = "Emulator", "Emulator\Emulator.csproj", "{70AED4BA-CA7E-4087-ABF5-6725DF3B4BAE}"
EndProject
Project("{FAE04EC0-301F-11D3-BF4B-00C04F79EFBC}") = "ISALib", "ISALib\ISALib.csproj", "{ACBBE32D-7604-4236-A9AC-86EB777490AF}"
EndProject
Project("{FAE04EC0-301F-11D3-BF4B-00C04F79EFBC}") = "ISA.Tests", "ISA.Tests\ISA.Tests.csproj", "{AE08DB82-4836-44B6-821B-4CCE4EB7F5FF}"
EndProject
Global
	GlobalSection(SolutionConfigurationPlatforms) = preSolution
		Debug|Any CPU = Debug|Any CPU
		Release|Any CPU = Release|Any CPU
	EndGlobalSection
	GlobalSection(ProjectConfigurationPlatforms) = postSolution
		{99FDCE4B-ABD6-43AE-AD63-8DAE506ED9F6}.Debug|Any CPU.ActiveCfg = Debug|Any CPU
		{99FDCE4B-ABD6-43AE-AD63-8DAE506ED9F6}.Debug|Any CPU.Build.0 = Debug|Any CPU
		{99FDCE4B-ABD6-43AE-AD63-8DAE506ED9F6}.Release|Any CPU.ActiveCfg = Release|Any CPU
		{99FDCE4B-ABD6-43AE-AD63-8DAE506ED9F6}.Release|Any CPU.Build.0 = Release|Any CPU
		{C11971A8-FFAB-4FEC-B320-275729948A18}.Debug|Any CPU.ActiveCfg = Debug|Any CPU
		{C11971A8-FFAB-4FEC-B320-275729948A18}.Debug|Any CPU.Build.0 = Debug|Any CPU
		{C11971A8-FFAB-4FEC-B320-275729948A18}.Release|Any CPU.ActiveCfg = Release|Any CPU
		{C11971A8-FFAB-4FEC-B320-275729948A18}.Release|Any CPU.Build.0 = Release|Any CPU
		{70AED4BA-CA7E-4087-ABF5-6725DF3B4BAE}.Debug|Any CPU.ActiveCfg = Debug|Any CPU
		{70AED4BA-CA7E-4087-ABF5-6725DF3B4BAE}.Debug|Any CPU.Build.0 = Debug|Any CPU
		{70AED4BA-CA7E-4087-ABF5-6725DF3B4BAE}.Release|Any CPU.ActiveCfg = Release|Any CPU
		{70AED4BA-CA7E-4087-ABF5-6725DF3B4BAE}.Release|Any CPU.Build.0 = Release|Any CPU
		{ACBBE32D-7604-4236-A9AC-86EB777490AF}.Debug|Any CPU.ActiveCfg = Debug|Any CPU
		{ACBBE32D-7604-4236-A9AC-86EB777490AF}.Debug|Any CPU.Build.0 = Debug|Any CPU
		{ACBBE32D-7604-4236-A9AC-86EB777490AF}.Release|Any CPU.ActiveCfg = Release|Any CPU
		{ACBBE32D-7604-4236-A9AC-86EB777490AF}.Release|Any CPU.Build.0 = Release|Any CPU
		{AE08DB82-4836-44B6-821B-4CCE4EB7F5FF}.Debug|Any CPU.ActiveCfg = Debug|Any CPU
		{AE08DB82-4836-44B6-821B-4CCE4EB7F5FF}.Debug|Any CPU.Build.0 = Debug|Any CPU
		{AE08DB82-4836-44B6-821B-4CCE4EB7F5FF}.Release|Any CPU.ActiveCfg = Release|Any CPU
		{AE08DB82-4836-44B6-821B-4CCE4EB7F5FF}.Release|Any CPU.Build.0 = Release|Any CPU
	EndGlobalSection
	GlobalSection(SolutionProperties) = preSolution
		HideSolutionNode = FALSE
	EndGlobalSection
	GlobalSection(ExtensibilityGlobals) = postSolution
		SolutionGuid = {CDB3D09F-7AFC-4E58-BFDF-351CE6A57B46}
	EndGlobalSection
EndGlobal
